
Microsoft Visual Studio Solution File, Format Version 12.00
# Visual Studio 15
VisualStudioVersion = 15.0.28307.106
MinimumVisualStudioVersion = 10.0.40219.1
Project("{FAE04EC0-301F-11D3-BF4B-00C04F79EFBC}") = "Beniamino.Celentano.ExcelUtilityLibrary", "Beniamino.Celentano.ExcelUtilityLibrary\Beniamino.Celentano.ExcelUtilityLibrary.csproj", "{13FB0AD0-9221-4C6F-A040-C3A2C32B7C96}"
EndProject
Project("{FAE04EC0-301F-11D3-BF4B-00C04F79EFBC}") = "Beniamino.Celentano.CruscottoGUI", "Beniamino.Celentano.CruscottoGUI\Beniamino.Celentano.CruscottoGUI.csproj", "{937AEA4F-67A1-463C-9D9B-3A066B024522}"
EndProject
Global
	GlobalSection(SolutionConfigurationPlatforms) = preSolution
		Debug|Any CPU = Debug|Any CPU
		Release|Any CPU = Release|Any CPU
	EndGlobalSection
	GlobalSection(ProjectConfigurationPlatforms) = postSolution
		{13FB0AD0-9221-4C6F-A040-C3A2C32B7C96}.Debug|Any CPU.ActiveCfg = Debug|Any CPU
		{13FB0AD0-9221-4C6F-A040-C3A2C32B7C96}.Debug|Any CPU.Build.0 = Debug|Any CPU
		{13FB0AD0-9221-4C6F-A040-C3A2C32B7C96}.Release|Any CPU.ActiveCfg = Release|Any CPU
		{13FB0AD0-9221-4C6F-A040-C3A2C32B7C96}.Release|Any CPU.Build.0 = Release|Any CPU
		{937AEA4F-67A1-463C-9D9B-3A066B024522}.Debug|Any CPU.ActiveCfg = Debug|Any CPU
		{937AEA4F-67A1-463C-9D9B-3A066B024522}.Debug|Any CPU.Build.0 = Debug|Any CPU
		{937AEA4F-67A1-463C-9D9B-3A066B024522}.Release|Any CPU.ActiveCfg = Release|Any CPU
		{937AEA4F-67A1-463C-9D9B-3A066B024522}.Release|Any CPU.Build.0 = Release|Any CPU
	EndGlobalSection
	GlobalSection(SolutionProperties) = preSolution
		HideSolutionNode = FALSE
	EndGlobalSection
	GlobalSection(ExtensibilityGlobals) = postSolution
		SolutionGuid = {A4A0C0CC-7AFB-4477-A9CC-E9A6F6D07291}
	EndGlobalSection
EndGlobal
